{
  "name": "web-accessibility-checker",
  "version": "1.0.5",
  "lockfileVersion": 3,
  "requires": true,
  "packages": {
    "": {
      "name": "web-accessibility-checker",
      "version": "1.0.5",
      "license": "ISC",
      "dependencies": {
        "ally.js": "^1.4.1",
        "chart.js": "^4.4.0",
        "rgb-hex": "^4.1.0"
      }
    },
    "node_modules/@kurkle/color": {
      "version": "0.3.2",
      "resolved": "https://registry.npmjs.org/@kurkle/color/-/color-0.3.2.tgz",
      "integrity": "sha512-fuscdXJ9G1qb7W8VdHi+IwRqij3lBkosAm4ydQtEmbY58OzHXqQhvlxqEkoz0yssNVn38bcpRWgA9PP+OGoisw=="
    },
    "node_modules/ally.js": {
      "version": "1.4.1",
      "resolved": "https://registry.npmjs.org/ally.js/-/ally.js-1.4.1.tgz",
      "integrity": "sha512-ZewdfuwP6VewtMN36QY0gmiyvBfMnmEaNwbVu2nTS6zRt069viTgkYgaDiqu6vRJ1VJCriNqV0jGMu44R8zNbA==",
      "dependencies": {
        "css.escape": "^1.5.0",
        "platform": "1.3.3"
      }
    },
    "node_modules/chart.js": {
      "version": "4.4.0",
      "resolved": "https://registry.npmjs.org/chart.js/-/chart.js-4.4.0.tgz",
      "integrity": "sha512-vQEj6d+z0dcsKLlQvbKIMYFHd3t8W/7L2vfJIbYcfyPcRx92CsHqECpueN8qVGNlKyDcr5wBrYAYKnfu/9Q1hQ==",
      "dependencies": {
        "@kurkle/color": "^0.3.0"
      },
      "engines": {
        "pnpm": ">=7"
      }
    },
    "node_modules/css.escape": {
      "version": "1.5.1",
      "resolved": "https://registry.npmjs.org/css.escape/-/css.escape-1.5.1.tgz",
      "integrity": "sha512-YUifsXXuknHlUsmlgyY0PKzgPOr7/FjCePfHNt0jxm83wHZi44VDMQ7/fGNkjY3/jV1MC+1CmZbaHzugyeRtpg=="
    },
    "node_modules/platform": {
      "version": "1.3.3",
      "resolved": "https://registry.npmjs.org/platform/-/platform-1.3.3.tgz",
      "integrity": "sha512-VJK1SRmXBpjwsB4YOHYSturx48rLKMzHgCqDH2ZDa6ZbMS/N5huoNqyQdK5Fj/xayu3fqbXckn5SeCS1EbMDZg=="
    },
    "node_modules/rgb-hex": {
      "version": "4.1.0",
      "resolved": "https://registry.npmjs.org/rgb-hex/-/rgb-hex-4.1.0.tgz",
      "integrity": "sha512-UZLM57BW09Yi9J1R3OP8B1yCbbDK3NT8BDtihGZkGkGEs2b6EaV85rsfJ6yK4F+8UbxFFmfA+9xHT5ZWhN1gDQ==",
      "engines": {
        "node": ">=12"
      },
      "funding": {
        "url": "https://github.com/sponsors/sindresorhus"
      }
    }
  }
}
